{
  "name": "@mutualgpu/flux2-worker",
  "version": "0.1.0",
  "lockfileVersion": 3,
  "requires": true,
  "packages": {
    "": {
      "name": "@mutualgpu/flux2-worker",
      "version": "0.1.0",
      "dependencies": {
        "@mutualgpu/provider-core": "file:../../sdk/typescript/packages/core",
        "@mutualgpu/provider-node": "file:../../sdk/typescript/packages/node"
      },
      "engines": {
        "node": ">=20"
      }
    },
    "../../sdk/typescript/packages/core": {
      "name": "@mutualgpu/provider-core",
      "version": "0.1.0-preview.4"
    },
    "../../sdk/typescript/packages/node": {
      "name": "@mutualgpu/provider-node",
      "version": "0.1.0-preview.4",
      "dependencies": {
        "@mutualgpu/provider-core": "0.1.0-preview.4"
      }
    },
    "node_modules/@mutualgpu/provider-core": {
      "resolved": "../../sdk/typescript/packages/core",
      "link": true
    },
    "node_modules/@mutualgpu/provider-node": {
      "resolved": "../../sdk/typescript/packages/node",
      "link": true
    }
  }
}
